PODS:
  - FlutterMacOS (1.0.0)
  - simple_secure_storage (0.0.1):
    - Flutter
    - FlutterMacOS

DEPENDENCIES:
  - FlutterMacOS (from `Flutter/ephemeral`)
  - simple_secure_storage (from `Flutter/ephemeral/.symlinks/plugins/simple_secure_storage/darwin`)

EXTERNAL SOURCES:
  FlutterMacOS:
    :path: Flutter/ephemeral
  simple_secure_storage:
    :path: Flutter/ephemeral/.symlinks/plugins/simple_secure_storage/darwin

SPEC CHECKSUMS:
  FlutterMacOS: 8f6f14fa908a6fb3fba0cd85dbd81ec4b251fb24
  simple_secure_storage: 7b75c700f9e5aed17c4696328fc318479de79404

PODFILE CHECKSUM: 236401fc2c932af29a9fcf0e97baeeb2d750d367

COCOAPODS: 1.14.3
